
Microsoft Visual Studio Solution File, Format Version 12.00
# Visual Studio Version 16
VisualStudioVersion = 16.0.32901.82
MinimumVisualStudioVersion = 10.0.40219.1
Project("{8BC9CEB8-8B4A-11D0-8D11-00A0C91BC942}") = "20220915_jhg_test4", "20220915_jhg_test4\20220915_jhg_test4.vcxproj", "{135F8BF0-EE9D-4ACB-B2C0-5554897F57EE}"
EndProject
Global
	GlobalSection(SolutionConfigurationPlatforms) = preSolution
		Debug|x64 = Debug|x64
		Debug|x86 = Debug|x86
		Release|x64 = Release|x64
		Release|x86 = Release|x86
	EndGlobalSection
	GlobalSection(ProjectConfigurationPlatforms) = postSolution
		{135F8BF0-EE9D-4ACB-B2C0-5554897F57EE}.Debug|x64.ActiveCfg = Debug|x64
		{135F8BF0-EE9D-4ACB-B2C0-5554897F57EE}.Debug|x64.Build.0 = Debug|x64
		{135F8BF0-EE9D-4ACB-B2C0-5554897F57EE}.Debug|x86.ActiveCfg = Debug|Win32
		{135F8BF0-EE9D-4ACB-B2C0-5554897F57EE}.Debug|x86.Build.0 = Debug|Win32
		{135F8BF0-EE9D-4ACB-B2C0-5554897F57EE}.Release|x64.ActiveCfg = Release|x64
		{135F8BF0-EE9D-4ACB-B2C0-5554897F57EE}.Release|x64.Build.0 = Release|x64
		{135F8BF0-EE9D-4ACB-B2C0-5554897F57EE}.Release|x86.ActiveCfg = Release|Win32
		{135F8BF0-EE9D-4ACB-B2C0-5554897F57EE}.Release|x86.Build.0 = Release|Win32
	EndGlobalSection
	GlobalSection(SolutionProperties) = preSolution
		HideSolutionNode = FALSE
	EndGlobalSection
	GlobalSection(ExtensibilityGlobals) = postSolution
		SolutionGuid = {6CA9967A-D977-444C-970F-B15C7901C3CB}
	EndGlobalSection
EndGlobal
