
Microsoft Visual Studio Solution File, Format Version 12.00
# Visual Studio Version 16
VisualStudioVersion = 16.0.32901.82
MinimumVisualStudioVersion = 10.0.40219.1
Project("{8BC9CEB8-8B4A-11D0-8D11-00A0C91BC942}") = "20221012_jhg_test1", "20221012_jhg_test1\20221012_jhg_test1.vcxproj", "{ACB0A6A8-C4AC-4518-B1B1-916DF3BEC03C}"
EndProject
Global
	GlobalSection(SolutionConfigurationPlatforms) = preSolution
		Debug|x64 = Debug|x64
		Debug|x86 = Debug|x86
		Release|x64 = Release|x64
		Release|x86 = Release|x86
	EndGlobalSection
	GlobalSection(ProjectConfigurationPlatforms) = postSolution
		{ACB0A6A8-C4AC-4518-B1B1-916DF3BEC03C}.Debug|x64.ActiveCfg = Debug|x64
		{ACB0A6A8-C4AC-4518-B1B1-916DF3BEC03C}.Debug|x64.Build.0 = Debug|x64
		{ACB0A6A8-C4AC-4518-B1B1-916DF3BEC03C}.Debug|x86.ActiveCfg = Debug|Win32
		{ACB0A6A8-C4AC-4518-B1B1-916DF3BEC03C}.Debug|x86.Build.0 = Debug|Win32
		{ACB0A6A8-C4AC-4518-B1B1-916DF3BEC03C}.Release|x64.ActiveCfg = Release|x64
		{ACB0A6A8-C4AC-4518-B1B1-916DF3BEC03C}.Release|x64.Build.0 = Release|x64
		{ACB0A6A8-C4AC-4518-B1B1-916DF3BEC03C}.Release|x86.ActiveCfg = Release|Win32
		{ACB0A6A8-C4AC-4518-B1B1-916DF3BEC03C}.Release|x86.Build.0 = Release|Win32
	EndGlobalSection
	GlobalSection(SolutionProperties) = preSolution
		HideSolutionNode = FALSE
	EndGlobalSection
	GlobalSection(ExtensibilityGlobals) = postSolution
		SolutionGuid = {12D7F428-C1C5-4468-B8E3-3A164B4E5810}
	EndGlobalSection
EndGlobal
