
Microsoft Visual Studio Solution File, Format Version 12.00
# Visual Studio Version 16
VisualStudioVersion = 16.0.32802.440
MinimumVisualStudioVersion = 10.0.40219.1
Project("{8BC9CEB8-8B4A-11D0-8D11-00A0C91BC942}") = "20220907_jhg_test2", "20220907_jhg_test2\20220907_jhg_test2.vcxproj", "{F695781F-2A33-4F56-A2C6-B339C66D4B47}"
EndProject
Global
	GlobalSection(SolutionConfigurationPlatforms) = preSolution
		Debug|x64 = Debug|x64
		Debug|x86 = Debug|x86
		Release|x64 = Release|x64
		Release|x86 = Release|x86
	EndGlobalSection
	GlobalSection(ProjectConfigurationPlatforms) = postSolution
		{F695781F-2A33-4F56-A2C6-B339C66D4B47}.Debug|x64.ActiveCfg = Debug|x64
		{F695781F-2A33-4F56-A2C6-B339C66D4B47}.Debug|x64.Build.0 = Debug|x64
		{F695781F-2A33-4F56-A2C6-B339C66D4B47}.Debug|x86.ActiveCfg = Debug|Win32
		{F695781F-2A33-4F56-A2C6-B339C66D4B47}.Debug|x86.Build.0 = Debug|Win32
		{F695781F-2A33-4F56-A2C6-B339C66D4B47}.Release|x64.ActiveCfg = Release|x64
		{F695781F-2A33-4F56-A2C6-B339C66D4B47}.Release|x64.Build.0 = Release|x64
		{F695781F-2A33-4F56-A2C6-B339C66D4B47}.Release|x86.ActiveCfg = Release|Win32
		{F695781F-2A33-4F56-A2C6-B339C66D4B47}.Release|x86.Build.0 = Release|Win32
	EndGlobalSection
	GlobalSection(SolutionProperties) = preSolution
		HideSolutionNode = FALSE
	EndGlobalSection
	GlobalSection(ExtensibilityGlobals) = postSolution
		SolutionGuid = {C8CDC305-87C0-47AE-AF8F-E543FF0DD826}
	EndGlobalSection
EndGlobal
