
Microsoft Visual Studio Solution File, Format Version 12.00
# Visual Studio Version 16
VisualStudioVersion = 16.0.32901.82
MinimumVisualStudioVersion = 10.0.40219.1
Project("{8BC9CEB8-8B4A-11D0-8D11-00A0C91BC942}") = "20221012_jhg_test2", "20221012_jhg_test2\20221012_jhg_test2.vcxproj", "{12102707-5C16-496F-911B-5EA662B8DFD1}"
EndProject
Global
	GlobalSection(SolutionConfigurationPlatforms) = preSolution
		Debug|x64 = Debug|x64
		Debug|x86 = Debug|x86
		Release|x64 = Release|x64
		Release|x86 = Release|x86
	EndGlobalSection
	GlobalSection(ProjectConfigurationPlatforms) = postSolution
		{12102707-5C16-496F-911B-5EA662B8DFD1}.Debug|x64.ActiveCfg = Debug|x64
		{12102707-5C16-496F-911B-5EA662B8DFD1}.Debug|x64.Build.0 = Debug|x64
		{12102707-5C16-496F-911B-5EA662B8DFD1}.Debug|x86.ActiveCfg = Debug|Win32
		{12102707-5C16-496F-911B-5EA662B8DFD1}.Debug|x86.Build.0 = Debug|Win32
		{12102707-5C16-496F-911B-5EA662B8DFD1}.Release|x64.ActiveCfg = Release|x64
		{12102707-5C16-496F-911B-5EA662B8DFD1}.Release|x64.Build.0 = Release|x64
		{12102707-5C16-496F-911B-5EA662B8DFD1}.Release|x86.ActiveCfg = Release|Win32
		{12102707-5C16-496F-911B-5EA662B8DFD1}.Release|x86.Build.0 = Release|Win32
	EndGlobalSection
	GlobalSection(SolutionProperties) = preSolution
		HideSolutionNode = FALSE
	EndGlobalSection
	GlobalSection(ExtensibilityGlobals) = postSolution
		SolutionGuid = {B2623397-9765-4ABB-92E8-E160AA781E42}
	EndGlobalSection
EndGlobal
